
Microsoft Visual Studio Solution File, Format Version 12.00
# Visual Studio Version 17
VisualStudioVersion = 17.10.35013.160
MinimumVisualStudioVersion = 10.0.40219.1
Project("{2150E333-8FDC-42A3-9474-1A3956D46DE8}") = "Solution Items", "Solution Items", "{09649AA6-B47E-4F38-B16E-3135A7EA8760}"
	ProjectSection(SolutionItems) = preProject
		README.md = README.md
	EndProjectSection
EndProject
Project("{9A19103F-16F7-4668-BE54-9A1E7A4F7556}") = "StrategyPattern.Domain", "StrategyPattern.Domain\StrategyPattern.Domain.csproj", "{EFD00576-6EC5-44A6-99A6-EDA960D46A98}"
EndProject
Project("{9A19103F-16F7-4668-BE54-9A1E7A4F7556}") = "StrategyPattern.Application", "StrategyPattern.Application\StrategyPattern.Application.csproj", "{59C023E1-5ABA-4385-8706-F45694F1307D}"
EndProject
Project("{9A19103F-16F7-4668-BE54-9A1E7A4F7556}") = "StrategyPattern.Presentation", "StrategyPattern.Presentation\StrategyPattern.Presentation.csproj", "{C860EC74-F45B-4B3A-8C80-A36022192C49}"
EndProject
Project("{9A19103F-16F7-4668-BE54-9A1E7A4F7556}") = "StrategyPattern.Test", "StrategyPattern.Test\StrategyPattern.Test.csproj", "{F5A2ED82-D991-402A-9B1E-AB8DCD2C7EF6}"
EndProject
Global
	GlobalSection(SolutionConfigurationPlatforms) = preSolution
		Debug|Any CPU = Debug|Any CPU
		Release|Any CPU = Release|Any CPU
	EndGlobalSection
	GlobalSection(ProjectConfigurationPlatforms) = postSolution
		{EFD00576-6EC5-44A6-99A6-EDA960D46A98}.Debug|Any CPU.ActiveCfg = Debug|Any CPU
		{EFD00576-6EC5-44A6-99A6-EDA960D46A98}.Debug|Any CPU.Build.0 = Debug|Any CPU
		{EFD00576-6EC5-44A6-99A6-EDA960D46A98}.Release|Any CPU.ActiveCfg = Release|Any CPU
		{EFD00576-6EC5-44A6-99A6-EDA960D46A98}.Release|Any CPU.Build.0 = Release|Any CPU
		{59C023E1-5ABA-4385-8706-F45694F1307D}.Debug|Any CPU.ActiveCfg = Debug|Any CPU
		{59C023E1-5ABA-4385-8706-F45694F1307D}.Debug|Any CPU.Build.0 = Debug|Any CPU
		{59C023E1-5ABA-4385-8706-F45694F1307D}.Release|Any CPU.ActiveCfg = Release|Any CPU
		{59C023E1-5ABA-4385-8706-F45694F1307D}.Release|Any CPU.Build.0 = Release|Any CPU
		{C860EC74-F45B-4B3A-8C80-A36022192C49}.Debug|Any CPU.ActiveCfg = Debug|Any CPU
		{C860EC74-F45B-4B3A-8C80-A36022192C49}.Debug|Any CPU.Build.0 = Debug|Any CPU
		{C860EC74-F45B-4B3A-8C80-A36022192C49}.Release|Any CPU.ActiveCfg = Release|Any CPU
		{C860EC74-F45B-4B3A-8C80-A36022192C49}.Release|Any CPU.Build.0 = Release|Any CPU
		{F5A2ED82-D991-402A-9B1E-AB8DCD2C7EF6}.Debug|Any CPU.ActiveCfg = Debug|Any CPU
		{F5A2ED82-D991-402A-9B1E-AB8DCD2C7EF6}.Debug|Any CPU.Build.0 = Debug|Any CPU
		{F5A2ED82-D991-402A-9B1E-AB8DCD2C7EF6}.Release|Any CPU.ActiveCfg = Release|Any CPU
		{F5A2ED82-D991-402A-9B1E-AB8DCD2C7EF6}.Release|Any CPU.Build.0 = Release|Any CPU
	EndGlobalSection
	GlobalSection(SolutionProperties) = preSolution
		HideSolutionNode = FALSE
	EndGlobalSection
	GlobalSection(ExtensibilityGlobals) = postSolution
		SolutionGuid = {02785EA4-86A5-4E57-9A9A-6998FAE1E617}
	EndGlobalSection
EndGlobal
